<?xml version="1.0" encoding="utf-8"?>
<Project ToolsVersion="4.0" xmlns="http://schemas.microsoft.com/developer/msbuild/2003">
  <ItemGroup>
    <Filter Include="Source Files">
      <UniqueIdentifier>{4FC737F1-C7A5-4376-A066-2A32D752A2FF}</UniqueIdentifier>
      <Extensions>cpp;c;cc;cxx;def;odl;idl;hpj;bat;asm;asmx</Extensions>
    </Filter>
    <Filter Include="Header Files">
      <UniqueIdentifier>{93995380-89BD-4b04-88EB-625FBE52EBFB}</UniqueIdentifier>
      <Extensions>h;hh;hpp;hxx;hm;inl;inc;ipp;xsd</Extensions>
    </Filter>
    <Filter Include="Resource Files">
      <UniqueIdentifier>{67DA6AB6-F800-4c08-8B7A-83BB121AAD01}</UniqueIdentifier>
      <Extensions>rc;ico;cur;bmp;dlg;rc2;rct;bin;rgs;gif;jpg;jpeg;jpe;resx;tiff;tif;png;wav;mfcribbon-ms</Extensions>
    </Filter>
  </ItemGroup>
  <ItemGroup>
    <ClInclude Include="spock.h">
      <Filter>Header Files</Filter>
    </ClInclude>
    <ClInclude Include="c_buffer.h">
      <Filter>Header Files</Filter>
    </ClInclude>
    <ClInclude Include="c_descriptor.h">
      <Filter>Header Files</Filter>
    </ClInclude>
    <ClInclude Include="c_descriptor_pool.h">
      <Filter>Header Files</Filter>
    </ClInclude>
    <ClInclude Include="c_descriptor_set.h">
      <Filter>Header Files</Filter>
    </ClInclude>
    <ClInclude Include="c_device.h">
      <Filter>Header Files</Filter>
    </ClInclude>
    <ClInclude Include="c_instance.h">
      <Filter>Header Files</Filter>
    </ClInclude>
    <ClInclude Include="c_pipeline.h">
      <Filter>Header Files</Filter>
    </ClInclude>
    <ClInclude Include="c_set_layout.h">
      <Filter>Header Files</Filter>
    </ClInclude>
    <ClInclude Include="c_view.h">
      <Filter>Header Files</Filter>
    </ClInclude>
    <ClInclude Include="c_vk_render_agent.h">
      <Filter>Header Files</Filter>
    </ClInclude>
    <ClInclude Include="c_vk_renderable.h">
      <Filter>Header Files</Filter>
    </ClInclude>
    <ClInclude Include="global.h">
      <Filter>Header Files</Filter>
    </ClInclude>
  </ItemGroup>
  <ItemGroup>
    <ClCompile Include="Spock.cpp">
      <Filter>Source Files</Filter>
    </ClCompile>
    <ClCompile Include="c_buffer.cpp">
      <Filter>Source Files</Filter>
    </ClCompile>
    <ClCompile Include="c_descriptor_pool.cpp">
      <Filter>Source Files</Filter>
    </ClCompile>
    <ClCompile Include="c_descriptor_set.cpp">
      <Filter>Source Files</Filter>
    </ClCompile>
    <ClCompile Include="c_device.cpp">
      <Filter>Source Files</Filter>
    </ClCompile>
    <ClCompile Include="c_instance.cpp">
      <Filter>Source Files</Filter>
    </ClCompile>
    <ClCompile Include="c_pipeline.cpp">
      <Filter>Source Files</Filter>
    </ClCompile>
    <ClCompile Include="c_set_layout.cpp">
      <Filter>Source Files</Filter>
    </ClCompile>
    <ClCompile Include="c_view.cpp">
      <Filter>Source Files</Filter>
    </ClCompile>
    <ClCompile Include="c_vk_render_agent.cpp">
      <Filter>Source Files</Filter>
    </ClCompile>
  </ItemGroup>
</Project>