
Microsoft Visual Studio Solution File, Format Version 12.00
# Visual Studio Version 16
VisualStudioVersion = 16.0.29613.14
MinimumVisualStudioVersion = 10.0.40219.1
Project("{8BC9CEB8-8B4A-11D0-8D11-00A0C91BC942}") = "Spock", "Spock\Spock.vcxproj", "{D5DDEBC8-CDFC-47D9-AE35-7283EE1B5498}"
EndProject
Project("{8BC9CEB8-8B4A-11D0-8D11-00A0C91BC942}") = "ShaderPack", "ShaderPack\ShaderPack.vcxproj", "{7E9AF945-5131-41B9-A2B6-1C025A6A2E1C}"
EndProject
Project("{8BC9CEB8-8B4A-11D0-8D11-00A0C91BC942}") = "ColdStorage", "ColdStorage\ColdStorage.vcxproj", "{C1A9054C-6167-45D0-B793-C1D661C507EE}"
EndProject
Project("{8BC9CEB8-8B4A-11D0-8D11-00A0C91BC942}") = "ColdStorageUnitTesting", "ColdStorageUnitTesting\ColdStorageUnitTesting.vcxproj", "{2F1B51B9-EB27-439A-96C0-6B69F8334763}"
EndProject
Global
	GlobalSection(SolutionConfigurationPlatforms) = preSolution
		Debug|x64 = Debug|x64
		Debug|x86 = Debug|x86
		Release|x64 = Release|x64
		Release|x86 = Release|x86
	EndGlobalSection
	GlobalSection(ProjectConfigurationPlatforms) = postSolution
		{D5DDEBC8-CDFC-47D9-AE35-7283EE1B5498}.Debug|x64.ActiveCfg = Debug|x64
		{D5DDEBC8-CDFC-47D9-AE35-7283EE1B5498}.Debug|x64.Build.0 = Debug|x64
		{D5DDEBC8-CDFC-47D9-AE35-7283EE1B5498}.Debug|x86.ActiveCfg = Debug|Win32
		{D5DDEBC8-CDFC-47D9-AE35-7283EE1B5498}.Debug|x86.Build.0 = Debug|Win32
		{D5DDEBC8-CDFC-47D9-AE35-7283EE1B5498}.Release|x64.ActiveCfg = Release|x64
		{D5DDEBC8-CDFC-47D9-AE35-7283EE1B5498}.Release|x64.Build.0 = Release|x64
		{D5DDEBC8-CDFC-47D9-AE35-7283EE1B5498}.Release|x86.ActiveCfg = Release|Win32
		{D5DDEBC8-CDFC-47D9-AE35-7283EE1B5498}.Release|x86.Build.0 = Release|Win32
		{7E9AF945-5131-41B9-A2B6-1C025A6A2E1C}.Debug|x64.ActiveCfg = Debug|x64
		{7E9AF945-5131-41B9-A2B6-1C025A6A2E1C}.Debug|x64.Build.0 = Debug|x64
		{7E9AF945-5131-41B9-A2B6-1C025A6A2E1C}.Debug|x86.ActiveCfg = Debug|Win32
		{7E9AF945-5131-41B9-A2B6-1C025A6A2E1C}.Debug|x86.Build.0 = Debug|Win32
		{7E9AF945-5131-41B9-A2B6-1C025A6A2E1C}.Release|x64.ActiveCfg = Release|x64
		{7E9AF945-5131-41B9-A2B6-1C025A6A2E1C}.Release|x64.Build.0 = Release|x64
		{7E9AF945-5131-41B9-A2B6-1C025A6A2E1C}.Release|x86.ActiveCfg = Release|Win32
		{7E9AF945-5131-41B9-A2B6-1C025A6A2E1C}.Release|x86.Build.0 = Release|Win32
		{C1A9054C-6167-45D0-B793-C1D661C507EE}.Debug|x64.ActiveCfg = Debug|x64
		{C1A9054C-6167-45D0-B793-C1D661C507EE}.Debug|x64.Build.0 = Debug|x64
		{C1A9054C-6167-45D0-B793-C1D661C507EE}.Debug|x86.ActiveCfg = Debug|Win32
		{C1A9054C-6167-45D0-B793-C1D661C507EE}.Debug|x86.Build.0 = Debug|Win32
		{C1A9054C-6167-45D0-B793-C1D661C507EE}.Release|x64.ActiveCfg = Release|x64
		{C1A9054C-6167-45D0-B793-C1D661C507EE}.Release|x64.Build.0 = Release|x64
		{C1A9054C-6167-45D0-B793-C1D661C507EE}.Release|x86.ActiveCfg = Release|Win32
		{C1A9054C-6167-45D0-B793-C1D661C507EE}.Release|x86.Build.0 = Release|Win32
		{2F1B51B9-EB27-439A-96C0-6B69F8334763}.Debug|x64.ActiveCfg = Debug|x64
		{2F1B51B9-EB27-439A-96C0-6B69F8334763}.Debug|x64.Build.0 = Debug|x64
		{2F1B51B9-EB27-439A-96C0-6B69F8334763}.Debug|x86.ActiveCfg = Debug|Win32
		{2F1B51B9-EB27-439A-96C0-6B69F8334763}.Debug|x86.Build.0 = Debug|Win32
		{2F1B51B9-EB27-439A-96C0-6B69F8334763}.Release|x64.ActiveCfg = Release|x64
		{2F1B51B9-EB27-439A-96C0-6B69F8334763}.Release|x64.Build.0 = Release|x64
		{2F1B51B9-EB27-439A-96C0-6B69F8334763}.Release|x86.ActiveCfg = Release|Win32
		{2F1B51B9-EB27-439A-96C0-6B69F8334763}.Release|x86.Build.0 = Release|Win32
	EndGlobalSection
	GlobalSection(SolutionProperties) = preSolution
		HideSolutionNode = FALSE
	EndGlobalSection
	GlobalSection(ExtensibilityGlobals) = postSolution
		SolutionGuid = {4E518896-BAA4-490A-9BF1-4B8B4BDFE8DA}
	EndGlobalSection
EndGlobal
